
Microsoft Visual Studio Solution File, Format Version 12.00
# Visual Studio 2013
VisualStudioVersion = 12.0.21005.1
MinimumVisualStudioVersion = 10.0.40219.1
Project("{8BC9CEB8-8B4A-11D0-8D11-00A0C91BC942}") = "ealib", "ealib\ealib.vcxproj", "{D413086A-4BA0-457E-AC4B-5F6A229D2E76}"
EndProject
Project("{8BC9CEB8-8B4A-11D0-8D11-00A0C91BC942}") = "ealib-example", "ealib-example\ealib-example.vcxproj", "{68F078A4-8C61-4C69-BACC-CADACB66AB79}"
EndProject
Project("{8BC9CEB8-8B4A-11D0-8D11-00A0C91BC942}") = "ealib-tests", "ealib-tests\ealib-tests.vcxproj", "{FC1F5C93-AAE9-4021-8AB9-7817FAF6E481}"
EndProject
Global
	GlobalSection(SolutionConfigurationPlatforms) = preSolution
		Debug|Win32 = Debug|Win32
		Release|Win32 = Release|Win32
	EndGlobalSection
	GlobalSection(ProjectConfigurationPlatforms) = postSolution
		{D413086A-4BA0-457E-AC4B-5F6A229D2E76}.Debug|Win32.ActiveCfg = Debug|Win32
		{D413086A-4BA0-457E-AC4B-5F6A229D2E76}.Debug|Win32.Build.0 = Debug|Win32
		{D413086A-4BA0-457E-AC4B-5F6A229D2E76}.Release|Win32.ActiveCfg = Release|Win32
		{D413086A-4BA0-457E-AC4B-5F6A229D2E76}.Release|Win32.Build.0 = Release|Win32
		{68F078A4-8C61-4C69-BACC-CADACB66AB79}.Debug|Win32.ActiveCfg = Debug|Win32
		{68F078A4-8C61-4C69-BACC-CADACB66AB79}.Debug|Win32.Build.0 = Debug|Win32
		{68F078A4-8C61-4C69-BACC-CADACB66AB79}.Release|Win32.ActiveCfg = Release|Win32
		{68F078A4-8C61-4C69-BACC-CADACB66AB79}.Release|Win32.Build.0 = Release|Win32
		{FC1F5C93-AAE9-4021-8AB9-7817FAF6E481}.Debug|Win32.ActiveCfg = Debug|Win32
		{FC1F5C93-AAE9-4021-8AB9-7817FAF6E481}.Debug|Win32.Build.0 = Debug|Win32
		{FC1F5C93-AAE9-4021-8AB9-7817FAF6E481}.Release|Win32.ActiveCfg = Release|Win32
		{FC1F5C93-AAE9-4021-8AB9-7817FAF6E481}.Release|Win32.Build.0 = Release|Win32
	EndGlobalSection
	GlobalSection(SolutionProperties) = preSolution
		HideSolutionNode = FALSE
	EndGlobalSection
EndGlobal
